{
  "requires": true,
  "lockfileVersion": 1,
  "dependencies": {
    "@hookform/resolvers": {
      "version": "3.1.0",
      "resolved": "https://registry.npmjs.org/@hookform/resolvers/-/resolvers-3.1.0.tgz",
      "integrity": "sha512-z0A8K+Nxq+f83Whm/ajlwE6VtQlp/yPHZnXw7XWVPIGm1Vx0QV8KThU3BpbBRfAZ7/dYqCKKBNnQh85BkmBKkA=="
    }
  }
}
